// !$*UTF8*$!
{
	archiveVersion = 1;
	classes = {
	};
	objectVersion = 46;
	objects = {

/* Begin PBXBuildFile section */
		5103F3901C5C0C5600D6C415 /* BPMDetector.mm in Sources */ = {isa = PBXBuildFile; fileRef = 5103F38F1C5C0C5600D6C415 /* BPMDetector.mm */; };
		5103F3921C5C0E1D00D6C415 /* CoreMedia.framework in Frameworks */ = {isa = PBXBuildFile; fileRef = 5103F3911C5C0E1D00D6C415 /* CoreMedia.framework */; };
		5103F3941C5C0E3300D6C415 /* AudioToolbox.framework in Frameworks */ = {isa = PBXBuildFile; fileRef = 5103F3931C5C0E3300D6C415 /* AudioToolbox.framework */; };
		5103F3961C5C0E4A00D6C415 /* AVFoundation.framework in Frameworks */ = {isa = PBXBuildFile; fileRef = 5103F3951C5C0E4A00D6C415 /* AVFoundation.framework */; };
		5116B6461C5BCD8800D11F0E /* main.m in Sources */ = {isa = PBXBuildFile; fileRef = 5116B6451C5BCD8800D11F0E /* main.m */; };
		5116B6491C5BCD8800D11F0E /* AppDelegate.m in Sources */ = {isa = PBXBuildFile; fileRef = 5116B6481C5BCD8800D11F0E /* AppDelegate.m */; };
		5116B64C1C5BCD8800D11F0E /* ViewController.mm in Sources */ = {isa = PBXBuildFile; fileRef = 5116B64B1C5BCD8800D11F0E /* ViewController.mm */; };
		5116B64F1C5BCD8800D11F0E /* Main.storyboard in Resources */ = {isa = PBXBuildFile; fileRef = 5116B64D1C5BCD8800D11F0E /* Main.storyboard */; };
		5116B6511C5BCD8800D11F0E /* Assets.xcassets in Resources */ = {isa = PBXBuildFile; fileRef = 5116B6501C5BCD8800D11F0E /* Assets.xcassets */; };
		5116B6541C5BCD8800D11F0E /* LaunchScreen.storyboard in Resources */ = {isa = PBXBuildFile; fileRef = 5116B6521C5BCD8800D11F0E /* LaunchScreen.storyboard */; };
		517215621C5BF3AA00A77C9E /* libSuperpoweredAudioIOS.a in Frameworks */ = {isa = PBXBuildFile; fileRef = 517215611C5BF3AA00A77C9E /* libSuperpoweredAudioIOS.a */; };
		517215731C5BF8D200A77C9E /* Foundation.framework in Frameworks */ = {isa = PBXBuildFile; fileRef = 517215721C5BF8D200A77C9E /* Foundation.framework */; };
		517215771C5BF8E100A77C9E /* UIKit.framework in Frameworks */ = {isa = PBXBuildFile; fileRef = 517215761C5BF8E100A77C9E /* UIKit.framework */; };
		5172157E1C5BFFE300A77C9E /* track_Who_Do_You_Think_You_Are_Spice_Girls.m4a in Resources */ = {isa = PBXBuildFile; fileRef = 5172157D1C5BFFE300A77C9E /* track_Who_Do_You_Think_You_Are_Spice_Girls.m4a */; };
/* End PBXBuildFile section */

/* Begin PBXFileReference section */
		5103F38E1C5C0C5600D6C415 /* BPMDetector.h */ = {isa = PBXFileReference; fileEncoding = 4; lastKnownFileType = sourcecode.c.h; path = BPMDetector.h; sourceTree = "<group>"; };
		5103F38F1C5C0C5600D6C415 /* BPMDetector.mm */ = {isa = PBXFileReference; fileEncoding = 4; lastKnownFileType = sourcecode.cpp.objcpp; path = BPMDetector.mm; sourceTree = "<group>"; };
		5103F3911C5C0E1D00D6C415 /* CoreMedia.framework */ = {isa = PBXFileReference; lastKnownFileType = wrapper.framework; name = CoreMedia.framework; path = System/Library/Frameworks/CoreMedia.framework; sourceTree = SDKROOT; };
		5103F3931C5C0E3300D6C415 /* AudioToolbox.framework */ = {isa = PBXFileReference; lastKnownFileType = wrapper.framework; name = AudioToolbox.framework; path = System/Library/Frameworks/AudioToolbox.framework; sourceTree = SDKROOT; };
		5103F3951C5C0E4A00D6C415 /* AVFoundation.framework */ = {isa = PBXFileReference; lastKnownFileType = wrapper.framework; name = AVFoundation.framework; path = System/Library/Frameworks/AVFoundation.framework; sourceTree = SDKROOT; };
		5116B6411C5BCD8800D11F0E /* BPMDetect.app */ = {isa = PBXFileReference; explicitFileType = wrapper.application; includeInIndex = 0; path = BPMDetect.app; sourceTree = BUILT_PRODUCTS_DIR; };
		5116B6451C5BCD8800D11F0E /* main.m */ = {isa = PBXFileReference; lastKnownFileType = sourcecode.c.objc; path = main.m; sourceTree = "<group>"; };
		5116B6471C5BCD8800D11F0E /* AppDelegate.h */ = {isa = PBXFileReference; lastKnownFileType = sourcecode.c.h; path = AppDelegate.h; sourceTree = "<group>"; };
		5116B6481C5BCD8800D11F0E /* AppDelegate.m */ = {isa = PBXFileReference; lastKnownFileType = sourcecode.c.objc; path = AppDelegate.m; sourceTree = "<group>"; };
		5116B64A1C5BCD8800D11F0E /* ViewController.h */ = {isa = PBXFileReference; lastKnownFileType = sourcecode.c.h; path = ViewController.h; sourceTree = "<group>"; };
		5116B64B1C5BCD8800D11F0E /* ViewController.mm */ = {isa = PBXFileReference; lastKnownFileType = sourcecode.cpp.objcpp; path = ViewController.mm; sourceTree = "<group>"; };
		5116B64E1C5BCD8800D11F0E /* Base */ = {isa = PBXFileReference; lastKnownFileType = file.storyboard; name = Base; path = Base.lproj/Main.storyboard; sourceTree = "<group>"; };
		5116B6501C5BCD8800D11F0E /* Assets.xcassets */ = {isa = PBXFileReference; lastKnownFileType = folder.assetcatalog; path = Assets.xcassets; sourceTree = "<group>"; };
		5116B6531C5BCD8800D11F0E /* Base */ = {isa = PBXFileReference; lastKnownFileType = file.storyboard; name = Base; path = Base.lproj/LaunchScreen.storyboard; sourceTree = "<group>"; };
		5116B6551C5BCD8800D11F0E /* Info.plist */ = {isa = PBXFileReference; lastKnownFileType = text.plist.xml; path = Info.plist; sourceTree = "<group>"; };
		517215611C5BF3AA00A77C9E /* libSuperpoweredAudioIOS.a */ = {isa = PBXFileReference; lastKnownFileType = archive.ar; name = libSuperpoweredAudioIOS.a; path = BPMDetect/Superpowered/Superpowered/libSuperpoweredAudioIOS.a; sourceTree = "<group>"; };
		517215631C5BF3E300A77C9E /* SuperpoweredDecoder.h */ = {isa = PBXFileReference; fileEncoding = 4; lastKnownFileType = sourcecode.c.h; name = SuperpoweredDecoder.h; path = Superpowered/Superpowered/SuperpoweredDecoder.h; sourceTree = "<group>"; };
		517215641C5BF40B00A77C9E /* SuperpoweredAudioBuffers.h */ = {isa = PBXFileReference; lastKnownFileType = sourcecode.c.h; name = SuperpoweredAudioBuffers.h; path = Superpowered/Superpowered/SuperpoweredAudioBuffers.h; sourceTree = "<group>"; };
		517215671C5BF40B00A77C9E /* SuperpoweredSimple.h */ = {isa = PBXFileReference; lastKnownFileType = sourcecode.c.h; name = SuperpoweredSimple.h; path = Superpowered/Superpowered/SuperpoweredSimple.h; sourceTree = "<group>"; };
		517215691C5BF47A00A77C9E /* SuperpoweredAnalyzer.h */ = {isa = PBXFileReference; lastKnownFileType = sourcecode.c.h; name = SuperpoweredAnalyzer.h; path = Superpowered/Superpowered/SuperpoweredAnalyzer.h; sourceTree = "<group>"; };
		517215721C5BF8D200A77C9E /* Foundation.framework */ = {isa = PBXFileReference; lastKnownFileType = wrapper.framework; name = Foundation.framework; path = System/Library/Frameworks/Foundation.framework; sourceTree = SDKROOT; };
		517215761C5BF8E100A77C9E /* UIKit.framework */ = {isa = PBXFileReference; lastKnownFileType = wrapper.framework; name = UIKit.framework; path = System/Library/Frameworks/UIKit.framework; sourceTree = SDKROOT; };
		5172157D1C5BFFE300A77C9E /* track_Who_Do_You_Think_You_Are_Spice_Girls.m4a */ = {isa = PBXFileReference; lastKnownFileType = file; name = track_Who_Do_You_Think_You_Are_Spice_Girls.m4a; path = Resources/track_Who_Do_You_Think_You_Are_Spice_Girls.m4a; sourceTree = "<group>"; };
/* End PBXFileReference section */

/* Begin PBXFrameworksBuildPhase section */
		5116B63E1C5BCD8800D11F0E /* Frameworks */ = {
			isa = PBXFrameworksBuildPhase;
			buildActionMask = 2147483647;
			files = (
				5103F3961C5C0E4A00D6C415 /* AVFoundation.framework in Frameworks */,
				5103F3941C5C0E3300D6C415 /* AudioToolbox.framework in Frameworks */,
				5103F3921C5C0E1D00D6C415 /* CoreMedia.framework in Frameworks */,
				517215771C5BF8E100A77C9E /* UIKit.framework in Frameworks */,
				517215731C5BF8D200A77C9E /* Foundation.framework in Frameworks */,
				517215621C5BF3AA00A77C9E /* libSuperpoweredAudioIOS.a in Frameworks */,
			);
			runOnlyForDeploymentPostprocessing = 0;
		};
/* End PBXFrameworksBuildPhase section */

/* Begin PBXGroup section */
		5116B6381C5BCD8800D11F0E = {
			isa = PBXGroup;
			children = (
				5172155E1C5BF12F00A77C9E /* Frameworks */,
				5116B6431C5BCD8800D11F0E /* BPMDetect */,
				5116B6421C5BCD8800D11F0E /* Products */,
			);
			sourceTree = "<group>";
		};
		5116B6421C5BCD8800D11F0E /* Products */ = {
			isa = PBXGroup;
			children = (
				5116B6411C5BCD8800D11F0E /* BPMDetect.app */,
			);
			name = Products;
			sourceTree = "<group>";
		};
		5116B6431C5BCD8800D11F0E /* BPMDetect */ = {
			isa = PBXGroup;
			children = (
				517215781C5BFE9C00A77C9E /* Resources */,
				5172155D1C5BF0DC00A77C9E /* Superpowered */,
				5103F38E1C5C0C5600D6C415 /* BPMDetector.h */,
				5103F38F1C5C0C5600D6C415 /* BPMDetector.mm */,
				5116B6471C5BCD8800D11F0E /* AppDelegate.h */,
				5116B6481C5BCD8800D11F0E /* AppDelegate.m */,
				5116B64A1C5BCD8800D11F0E /* ViewController.h */,
				5116B64B1C5BCD8800D11F0E /* ViewController.mm */,
				5116B64D1C5BCD8800D11F0E /* Main.storyboard */,
				5116B6501C5BCD8800D11F0E /* Assets.xcassets */,
				5116B6521C5BCD8800D11F0E /* LaunchScreen.storyboard */,
				5116B6551C5BCD8800D11F0E /* Info.plist */,
				5116B6441C5BCD8800D11F0E /* Supporting Files */,
			);
			path = BPMDetect;
			sourceTree = "<group>";
		};
		5116B6441C5BCD8800D11F0E /* Supporting Files */ = {
			isa = PBXGroup;
			children = (
				5116B6451C5BCD8800D11F0E /* main.m */,
			);
			name = "Supporting Files";
			sourceTree = "<group>";
		};
		5172155D1C5BF0DC00A77C9E /* Superpowered */ = {
			isa = PBXGroup;
			children = (
				517215691C5BF47A00A77C9E /* SuperpoweredAnalyzer.h */,
				517215641C5BF40B00A77C9E /* SuperpoweredAudioBuffers.h */,
				517215671C5BF40B00A77C9E /* SuperpoweredSimple.h */,
				517215631C5BF3E300A77C9E /* SuperpoweredDecoder.h */,
			);
			name = Superpowered;
			sourceTree = "<group>";
		};
		5172155E1C5BF12F00A77C9E /* Frameworks */ = {
			isa = PBXGroup;
			children = (
				5103F3951C5C0E4A00D6C415 /* AVFoundation.framework */,
				5103F3931C5C0E3300D6C415 /* AudioToolbox.framework */,
				5103F3911C5C0E1D00D6C415 /* CoreMedia.framework */,
				517215761C5BF8E100A77C9E /* UIKit.framework */,
				517215721C5BF8D200A77C9E /* Foundation.framework */,
				517215611C5BF3AA00A77C9E /* libSuperpoweredAudioIOS.a */,
			);
			name = Frameworks;
			sourceTree = "<group>";
		};
		517215781C5BFE9C00A77C9E /* Resources */ = {
			isa = PBXGroup;
			children = (
				5172157D1C5BFFE300A77C9E /* track_Who_Do_You_Think_You_Are_Spice_Girls.m4a */,
			);
			name = Resources;
			sourceTree = "<group>";
		};
/* End PBXGroup section */

/* Begin PBXNativeTarget section */
		5116B6401C5BCD8800D11F0E /* BPMDetect */ = {
			isa = PBXNativeTarget;
			buildConfigurationList = 5116B6581C5BCD8800D11F0E /* Build configuration list for PBXNativeTarget "BPMDetect" */;
			buildPhases = (
				5116B63D1C5BCD8800D11F0E /* Sources */,
				5116B63E1C5BCD8800D11F0E /* Frameworks */,
				5116B63F1C5BCD8800D11F0E /* Resources */,
			);
			buildRules = (
			);
			dependencies = (
			);
			name = BPMDetect;
			productName = BPMDetect;
			productReference = 5116B6411C5BCD8800D11F0E /* BPMDetect.app */;
			productType = "com.apple.product-type.application";
		};
/* End PBXNativeTarget section */

/* Begin PBXProject section */
		5116B6391C5BCD8800D11F0E /* Project object */ = {
			isa = PBXProject;
			attributes = {
				LastUpgradeCheck = 0720;
				ORGANIZATIONNAME = "Yuki Konda";
				TargetAttributes = {
					5116B6401C5BCD8800D11F0E = {
						CreatedOnToolsVersion = 7.2;
					};
				};
			};
			buildConfigurationList = 5116B63C1C5BCD8800D11F0E /* Build configuration list for PBXProject "BPMDetect" */;
			compatibilityVersion = "Xcode 3.2";
			developmentRegion = English;
			hasScannedForEncodings = 0;
			knownRegions = (
				en,
				Base,
			);
			mainGroup = 5116B6381C5BCD8800D11F0E;
			productRefGroup = 5116B6421C5BCD8800D11F0E /* Products */;
			projectDirPath = "";
			projectRoot = "";
			targets = (
				5116B6401C5BCD8800D11F0E /* BPMDetect */,
			);
		};
/* End PBXProject section */

/* Begin PBXResourcesBuildPhase section */
		5116B63F1C5BCD8800D11F0E /* Resources */ = {
			isa = PBXResourcesBuildPhase;
			buildActionMask = 2147483647;
			files = (
				5172157E1C5BFFE300A77C9E /* track_Who_Do_You_Think_You_Are_Spice_Girls.m4a in Resources */,
				5116B6541C5BCD8800D11F0E /* LaunchScreen.storyboard in Resources */,
				5116B6511C5BCD8800D11F0E /* Assets.xcassets in Resources */,
				5116B64F1C5BCD8800D11F0E /* Main.storyboard in Resources */,
			);
			runOnlyForDeploymentPostprocessing = 0;
		};
/* End PBXResourcesBuildPhase section */

/* Begin PBXSourcesBuildPhase section */
		5116B63D1C5BCD8800D11F0E /* Sources */ = {
			isa = PBXSourcesBuildPhase;
			buildActionMask = 2147483647;
			files = (
				5116B64C1C5BCD8800D11F0E /* ViewController.mm in Sources */,
				5103F3901C5C0C5600D6C415 /* BPMDetector.mm in Sources */,
				5116B6491C5BCD8800D11F0E /* AppDelegate.m in Sources */,
				5116B6461C5BCD8800D11F0E /* main.m in Sources */,
			);
			runOnlyForDeploymentPostprocessing = 0;
		};
/* End PBXSourcesBuildPhase section */

/* Begin PBXVariantGroup section */
		5116B64D1C5BCD8800D11F0E /* Main.storyboard */ = {
			isa = PBXVariantGroup;
			children = (
				5116B64E1C5BCD8800D11F0E /* Base */,
			);
			name = Main.storyboard;
			sourceTree = "<group>";
		};
		5116B6521C5BCD8800D11F0E /* LaunchScreen.storyboard */ = {
			isa = PBXVariantGroup;
			children = (
				5116B6531C5BCD8800D11F0E /* Base */,
			);
			name = LaunchScreen.storyboard;
			sourceTree = "<group>";
		};
/* End PBXVariantGroup section */

/* Begin XCBuildConfiguration section */
		5116B6561C5BCD8800D11F0E /* Debug */ = {
			isa = XCBuildConfiguration;
			buildSettings = {
				ALWAYS_SEARCH_USER_PATHS = NO;
				CLANG_CXX_LANGUAGE_STANDARD = "gnu++0x";
				CLANG_CXX_LIBRARY = "libc++";
				CLANG_ENABLE_MODULES = YES;
				CLANG_ENABLE_OBJC_ARC = YES;
				CLANG_WARN_BOOL_CONVERSION = YES;
				CLANG_WARN_CONSTANT_CONVERSION = YES;
				CLANG_WARN_DIRECT_OBJC_ISA_USAGE = YES_ERROR;
				CLANG_WARN_EMPTY_BODY = YES;
				CLANG_WARN_ENUM_CONVERSION = YES;
				CLANG_WARN_INT_CONVERSION = YES;
				CLANG_WARN_OBJC_ROOT_CLASS = YES_ERROR;
				CLANG_WARN_UNREACHABLE_CODE = YES;
				CLANG_WARN__DUPLICATE_METHOD_MATCH = YES;
				"CODE_SIGN_IDENTITY[sdk=iphoneos*]" = "iPhone Developer";
				COPY_PHASE_STRIP = NO;
				DEBUG_INFORMATION_FORMAT = dwarf;
				ENABLE_STRICT_OBJC_MSGSEND = YES;
				ENABLE_TESTABILITY = YES;
				GCC_C_LANGUAGE_STANDARD = gnu99;
				GCC_DYNAMIC_NO_PIC = NO;
				GCC_NO_COMMON_BLOCKS = YES;
				GCC_OPTIMIZATION_LEVEL = 0;
				GCC_PREPROCESSOR_DEFINITIONS = (
					"DEBUG=1",
					"$(inherited)",
				);
				GCC_WARN_64_TO_32_BIT_CONVERSION = YES;
				GCC_WARN_ABOUT_RETURN_TYPE = YES_ERROR;
				GCC_WARN_UNDECLARED_SELECTOR = YES;
				GCC_WARN_UNINITIALIZED_AUTOS = YES_AGGRESSIVE;
				GCC_WARN_UNUSED_FUNCTION = YES;
				GCC_WARN_UNUSED_VARIABLE = YES;
				IPHONEOS_DEPLOYMENT_TARGET = 9.2;
				MTL_ENABLE_DEBUG_INFO = YES;
				ONLY_ACTIVE_ARCH = YES;
				SDKROOT = iphoneos;
			};
			name = Debug;
		};
		5116B6571C5BCD8800D11F0E /* Release */ = {
			isa = XCBuildConfiguration;
			buildSettings = {
				ALWAYS_SEARCH_USER_PATHS = NO;
				CLANG_CXX_LANGUAGE_STANDARD = "gnu++0x";
				CLANG_CXX_LIBRARY = "libc++";
				CLANG_ENABLE_MODULES = YES;
				CLANG_ENABLE_OBJC_ARC = YES;
				CLANG_WARN_BOOL_CONVERSION = YES;
				CLANG_WARN_CONSTANT_CONVERSION = YES;
				CLANG_WARN_DIRECT_OBJC_ISA_USAGE = YES_ERROR;
				CLANG_WARN_EMPTY_BODY = YES;
				CLANG_WARN_ENUM_CONVERSION = YES;
				CLANG_WARN_INT_CONVERSION = YES;
				CLANG_WARN_OBJC_ROOT_CLASS = YES_ERROR;
				CLANG_WARN_UNREACHABLE_CODE = YES;
				CLANG_WARN__DUPLICATE_METHOD_MATCH = YES;
				"CODE_SIGN_IDENTITY[sdk=iphoneos*]" = "iPhone Developer";
				COPY_PHASE_STRIP = NO;
				DEBUG_INFORMATION_FORMAT = "dwarf-with-dsym";
				ENABLE_NS_ASSERTIONS = NO;
				ENABLE_STRICT_OBJC_MSGSEND = YES;
				GCC_C_LANGUAGE_STANDARD = gnu99;
				GCC_NO_COMMON_BLOCKS = YES;
				GCC_WARN_64_TO_32_BIT_CONVERSION = YES;
				GCC_WARN_ABOUT_RETURN_TYPE = YES_ERROR;
				GCC_WARN_UNDECLARED_SELECTOR = YES;
				GCC_WARN_UNINITIALIZED_AUTOS = YES_AGGRESSIVE;
				GCC_WARN_UNUSED_FUNCTION = YES;
				GCC_WARN_UNUSED_VARIABLE = YES;
				IPHONEOS_DEPLOYMENT_TARGET = 9.2;
				MTL_ENABLE_DEBUG_INFO = NO;
				SDKROOT = iphoneos;
				VALIDATE_PRODUCT = YES;
			};
			name = Release;
		};
		5116B6591C5BCD8800D11F0E /* Debug */ = {
			isa = XCBuildConfiguration;
			buildSettings = {
				ASSETCATALOG_COMPILER_APPICON_NAME = AppIcon;
				INFOPLIST_FILE = BPMDetect/Info.plist;
				LD_RUNPATH_SEARCH_PATHS = "$(inherited) @executable_path/Frameworks";
				LIBRARY_SEARCH_PATHS = (
					"$(inherited)",
					"$(PROJECT_DIR)/BPMDetect/Superpowered",
					"$(PROJECT_DIR)/BPMDetect/Superpowered/Superpowered",
				);
				PRODUCT_BUNDLE_IDENTIFIER = com.yukikonda.BPMDetect;
				PRODUCT_NAME = "$(TARGET_NAME)";
			};
			name = Debug;
		};
		5116B65A1C5BCD8800D11F0E /* Release */ = {
			isa = XCBuildConfiguration;
			buildSettings = {
				ASSETCATALOG_COMPILER_APPICON_NAME = AppIcon;
				INFOPLIST_FILE = BPMDetect/Info.plist;
				LD_RUNPATH_SEARCH_PATHS = "$(inherited) @executable_path/Frameworks";
				LIBRARY_SEARCH_PATHS = (
					"$(inherited)",
					"$(PROJECT_DIR)/BPMDetect/Superpowered",
					"$(PROJECT_DIR)/BPMDetect/Superpowered/Superpowered",
				);
				PRODUCT_BUNDLE_IDENTIFIER = com.yukikonda.BPMDetect;
				PRODUCT_NAME = "$(TARGET_NAME)";
			};
			name = Release;
		};
/* End XCBuildConfiguration section */

/* Begin XCConfigurationList section */
		5116B63C1C5BCD8800D11F0E /* Build configuration list for PBXProject "BPMDetect" */ = {
			isa = XCConfigurationList;
			buildConfigurations = (
				5116B6561C5BCD8800D11F0E /* Debug */,
				5116B6571C5BCD8800D11F0E /* Release */,
			);
			defaultConfigurationIsVisible = 0;
			defaultConfigurationName = Release;
		};
		5116B6581C5BCD8800D11F0E /* Build configuration list for PBXNativeTarget "BPMDetect" */ = {
			isa = XCConfigurationList;
			buildConfigurations = (
				5116B6591C5BCD8800D11F0E /* Debug */,
				5116B65A1C5BCD8800D11F0E /* Release */,
			);
			defaultConfigurationIsVisible = 0;
			defaultConfigurationName = Release;
		};
/* End XCConfigurationList section */
	};
	rootObject = 5116B6391C5BCD8800D11F0E /* Project object */;
}
